
Microsoft Visual Studio Solution File, Format Version 12.00
# Visual Studio Version 17
VisualStudioVersion = 17.8.34408.163
MinimumVisualStudioVersion = 10.0.40219.1
Project("{9A19103F-16F7-4668-BE54-9A1E7A4F7556}") = "ReadTemp", "ReadTemp\ReadTemp.csproj", "{A3A04EF5-5323-4F71-AC54-B3FBC8A424C1}"
EndProject
Project("{2150E333-8FDC-42A3-9474-1A3956D46DE8}") = "Solution Items", "Solution Items", "{EC17B9DA-F40F-4D57-AA5E-03C23563A6E6}"
	ProjectSection(SolutionItems) = preProject
		ReadTemp\configdb.txt = ReadTemp\configdb.txt
	EndProjectSection
EndProject
Global
	GlobalSection(SolutionConfigurationPlatforms) = preSolution
		Debug|Any CPU = Debug|Any CPU
		Debug|x64 = Debug|x64
		Release|Any CPU = Release|Any CPU
		Release|x64 = Release|x64
	EndGlobalSection
	GlobalSection(ProjectConfigurationPlatforms) = postSolution
		{A3A04EF5-5323-4F71-AC54-B3FBC8A424C1}.Debug|Any CPU.ActiveCfg = Debug|Any CPU
		{A3A04EF5-5323-4F71-AC54-B3FBC8A424C1}.Debug|Any CPU.Build.0 = Debug|Any CPU
		{A3A04EF5-5323-4F71-AC54-B3FBC8A424C1}.Debug|x64.ActiveCfg = Debug|x64
		{A3A04EF5-5323-4F71-AC54-B3FBC8A424C1}.Debug|x64.Build.0 = Debug|x64
		{A3A04EF5-5323-4F71-AC54-B3FBC8A424C1}.Release|Any CPU.ActiveCfg = Release|Any CPU
		{A3A04EF5-5323-4F71-AC54-B3FBC8A424C1}.Release|Any CPU.Build.0 = Release|Any CPU
		{A3A04EF5-5323-4F71-AC54-B3FBC8A424C1}.Release|x64.ActiveCfg = Release|x64
		{A3A04EF5-5323-4F71-AC54-B3FBC8A424C1}.Release|x64.Build.0 = Release|x64
	EndGlobalSection
	GlobalSection(SolutionProperties) = preSolution
		HideSolutionNode = FALSE
	EndGlobalSection
	GlobalSection(ExtensibilityGlobals) = postSolution
		SolutionGuid = {4E3FD0D7-794B-4C57-A963-AA959E091587}
	EndGlobalSection
EndGlobal
